// !$*UTF8*$!
{
	archiveVersion = 1;
	classes = {
	};
	objectVersion = 55;
	objects = {

/* Begin PBXBuildFile section */
		15F5C8112859F55D00D9636D /* AppDelegate.swift in Sources */ = {isa = PBXBuildFile; fileRef = 15F5C8102859F55D00D9636D /* AppDelegate.swift */; };
		15F5C8132859F55D00D9636D /* SceneDelegate.swift in Sources */ = {isa = PBXBuildFile; fileRef = 15F5C8122859F55D00D9636D /* SceneDelegate.swift */; };
		15F5C8152859F55D00D9636D /* ViewController.swift in Sources */ = {isa = PBXBuildFile; fileRef = 15F5C8142859F55D00D9636D /* ViewController.swift */; };
		15F5C8182859F55D00D9636D /* Main.storyboard in Resources */ = {isa = PBXBuildFile; fileRef = 15F5C8162859F55D00D9636D /* Main.storyboard */; };
		15F5C81A2859F55F00D9636D /* Assets.xcassets in Resources */ = {isa = PBXBuildFile; fileRef = 15F5C8192859F55F00D9636D /* Assets.xcassets */; };
		15F5C81D2859F55F00D9636D /* LaunchScreen.storyboard in Resources */ = {isa = PBXBuildFile; fileRef = 15F5C81B2859F55F00D9636D /* LaunchScreen.storyboard */; };
		15F5C8252859F91C00D9636D /* CoinModel.swift in Sources */ = {isa = PBXBuildFile; fileRef = 15F5C8242859F91C00D9636D /* CoinModel.swift */; };
		B8A05BDC766FC0C84F1A40BF /* Pods_hw4_MVC.framework in Frameworks */ = {isa = PBXBuildFile; fileRef = EC2C9B30881732E97EFD6DE1 /* Pods_hw4_MVC.framework */; };
/* End PBXBuildFile section */

/* Begin PBXFileReference section */
		15F5C80D2859F55D00D9636D /* hw4_MVC.app */ = {isa = PBXFileReference; explicitFileType = wrapper.application; includeInIndex = 0; path = hw4_MVC.app; sourceTree = BUILT_PRODUCTS_DIR; };
		15F5C8102859F55D00D9636D /* AppDelegate.swift */ = {isa = PBXFileReference; lastKnownFileType = sourcecode.swift; path = AppDelegate.swift; sourceTree = "<group>"; };
		15F5C8122859F55D00D9636D /* SceneDelegate.swift */ = {isa = PBXFileReference; lastKnownFileType = sourcecode.swift; path = SceneDelegate.swift; sourceTree = "<group>"; };
		15F5C8142859F55D00D9636D /* ViewController.swift */ = {isa = PBXFileReference; lastKnownFileType = sourcecode.swift; path = ViewController.swift; sourceTree = "<group>"; };
		15F5C8172859F55D00D9636D /* Base */ = {isa = PBXFileReference; lastKnownFileType = file.storyboard; name = Base; path = Base.lproj/Main.storyboard; sourceTree = "<group>"; };
		15F5C8192859F55F00D9636D /* Assets.xcassets */ = {isa = PBXFileReference; lastKnownFileType = folder.assetcatalog; path = Assets.xcassets; sourceTree = "<group>"; };
		15F5C81C2859F55F00D9636D /* Base */ = {isa = PBXFileReference; lastKnownFileType = file.storyboard; name = Base; path = Base.lproj/LaunchScreen.storyboard; sourceTree = "<group>"; };
		15F5C81E2859F55F00D9636D /* Info.plist */ = {isa = PBXFileReference; lastKnownFileType = text.plist.xml; path = Info.plist; sourceTree = "<group>"; };
		15F5C8242859F91C00D9636D /* CoinModel.swift */ = {isa = PBXFileReference; lastKnownFileType = sourcecode.swift; path = CoinModel.swift; sourceTree = "<group>"; };
		DBCB17B7AB9DE11299BA02AF /* Pods-hw4_MVC.release.xcconfig */ = {isa = PBXFileReference; includeInIndex = 1; lastKnownFileType = text.xcconfig; name = "Pods-hw4_MVC.release.xcconfig"; path = "Target Support Files/Pods-hw4_MVC/Pods-hw4_MVC.release.xcconfig"; sourceTree = "<group>"; };
		EAD736B3AF194B0197574105 /* Pods-hw4_MVC.debug.xcconfig */ = {isa = PBXFileReference; includeInIndex = 1; lastKnownFileType = text.xcconfig; name = "Pods-hw4_MVC.debug.xcconfig"; path = "Target Support Files/Pods-hw4_MVC/Pods-hw4_MVC.debug.xcconfig"; sourceTree = "<group>"; };
		EC2C9B30881732E97EFD6DE1 /* Pods_hw4_MVC.framework */ = {isa = PBXFileReference; explicitFileType = wrapper.framework; includeInIndex = 0; path = Pods_hw4_MVC.framework; sourceTree = BUILT_PRODUCTS_DIR; };
/* End PBXFileReference section */

/* Begin PBXFrameworksBuildPhase section */
		15F5C80A2859F55D00D9636D /* Frameworks */ = {
			isa = PBXFrameworksBuildPhase;
			buildActionMask = 2147483647;
			files = (
				B8A05BDC766FC0C84F1A40BF /* Pods_hw4_MVC.framework in Frameworks */,
			);
			runOnlyForDeploymentPostprocessing = 0;
		};
/* End PBXFrameworksBuildPhase section */

/* Begin PBXGroup section */
		15F5C8042859F55D00D9636D = {
			isa = PBXGroup;
			children = (
				15F5C80F2859F55D00D9636D /* hw4_MVC */,
				15F5C80E2859F55D00D9636D /* Products */,
				F4B3BC3B9459558FCF2A16FF /* Pods */,
				84413C1FA4FDC434C4461FB0 /* Frameworks */,
			);
			sourceTree = "<group>";
		};
		15F5C80E2859F55D00D9636D /* Products */ = {
			isa = PBXGroup;
			children = (
				15F5C80D2859F55D00D9636D /* hw4_MVC.app */,
			);
			name = Products;
			sourceTree = "<group>";
		};
		15F5C80F2859F55D00D9636D /* hw4_MVC */ = {
			isa = PBXGroup;
			children = (
				15F5C8102859F55D00D9636D /* AppDelegate.swift */,
				15F5C8122859F55D00D9636D /* SceneDelegate.swift */,
				15F5C8142859F55D00D9636D /* ViewController.swift */,
				15F5C8242859F91C00D9636D /* CoinModel.swift */,
				15F5C8162859F55D00D9636D /* Main.storyboard */,
				15F5C8192859F55F00D9636D /* Assets.xcassets */,
				15F5C81B2859F55F00D9636D /* LaunchScreen.storyboard */,
				15F5C81E2859F55F00D9636D /* Info.plist */,
			);
			path = hw4_MVC;
			sourceTree = "<group>";
		};
		84413C1FA4FDC434C4461FB0 /* Frameworks */ = {
			isa = PBXGroup;
			children = (
				EC2C9B30881732E97EFD6DE1 /* Pods_hw4_MVC.framework */,
			);
			name = Frameworks;
			sourceTree = "<group>";
		};
		F4B3BC3B9459558FCF2A16FF /* Pods */ = {
			isa = PBXGroup;
			children = (
				EAD736B3AF194B0197574105 /* Pods-hw4_MVC.debug.xcconfig */,
				DBCB17B7AB9DE11299BA02AF /* Pods-hw4_MVC.release.xcconfig */,
			);
			path = Pods;
			sourceTree = "<group>";
		};
/* End PBXGroup section */

/* Begin PBXNativeTarget section */
		15F5C80C2859F55D00D9636D /* hw4_MVC */ = {
			isa = PBXNativeTarget;
			buildConfigurationList = 15F5C8212859F55F00D9636D /* Build configuration list for PBXNativeTarget "hw4_MVC" */;
			buildPhases = (
				31DF2D89E3B944286920E715 /* [CP] Check Pods Manifest.lock */,
				15F5C8092859F55D00D9636D /* Sources */,
				15F5C80A2859F55D00D9636D /* Frameworks */,
				15F5C80B2859F55D00D9636D /* Resources */,
				8709CE3AB397E7B7216A069A /* [CP] Embed Pods Frameworks */,
			);
			buildRules = (
			);
			dependencies = (
			);
			name = hw4_MVC;
			productName = hw4_MVC;
			productReference = 15F5C80D2859F55D00D9636D /* hw4_MVC.app */;
			productType = "com.apple.product-type.application";
		};
/* End PBXNativeTarget section */

/* Begin PBXProject section */
		15F5C8052859F55D00D9636D /* Project object */ = {
			isa = PBXProject;
			attributes = {
				BuildIndependentTargetsInParallel = 1;
				LastSwiftUpdateCheck = 1340;
				LastUpgradeCheck = 1340;
				TargetAttributes = {
					15F5C80C2859F55D00D9636D = {
						CreatedOnToolsVersion = 13.4.1;
					};
				};
			};
			buildConfigurationList = 15F5C8082859F55D00D9636D /* Build configuration list for PBXProject "hw4_MVC" */;
			compatibilityVersion = "Xcode 13.0";
			developmentRegion = en;
			hasScannedForEncodings = 0;
			knownRegions = (
				en,
				Base,
			);
			mainGroup = 15F5C8042859F55D00D9636D;
			productRefGroup = 15F5C80E2859F55D00D9636D /* Products */;
			projectDirPath = "";
			projectRoot = "";
			targets = (
				15F5C80C2859F55D00D9636D /* hw4_MVC */,
			);
		};
/* End PBXProject section */

/* Begin PBXResourcesBuildPhase section */
		15F5C80B2859F55D00D9636D /* Resources */ = {
			isa = PBXResourcesBuildPhase;
			buildActionMask = 2147483647;
			files = (
				15F5C81D2859F55F00D9636D /* LaunchScreen.storyboard in Resources */,
				15F5C81A2859F55F00D9636D /* Assets.xcassets in Resources */,
				15F5C8182859F55D00D9636D /* Main.storyboard in Resources */,
			);
			runOnlyForDeploymentPostprocessing = 0;
		};
/* End PBXResourcesBuildPhase section */

/* Begin PBXShellScriptBuildPhase section */
		31DF2D89E3B944286920E715 /* [CP] Check Pods Manifest.lock */ = {
			isa = PBXShellScriptBuildPhase;
			buildActionMask = 2147483647;
			files = (
			);
			inputFileListPaths = (
			);
			inputPaths = (
				"${PODS_PODFILE_DIR_PATH}/Podfile.lock",
				"${PODS_ROOT}/Manifest.lock",
			);
			name = "[CP] Check Pods Manifest.lock";
			outputFileListPaths = (
			);
			outputPaths = (
				"$(DERIVED_FILE_DIR)/Pods-hw4_MVC-checkManifestLockResult.txt",
			);
			runOnlyForDeploymentPostprocessing = 0;
			shellPath = /bin/sh;
			shellScript = "diff \"${PODS_PODFILE_DIR_PATH}/Podfile.lock\" \"${PODS_ROOT}/Manifest.lock\" > /dev/null\nif [ $? != 0 ] ; then\n    # print error to STDERR\n    echo \"error: The sandbox is not in sync with the Podfile.lock. Run 'pod install' or update your CocoaPods installation.\" >&2\n    exit 1\nfi\n# This output is used by Xcode 'outputs' to avoid re-running this script phase.\necho \"SUCCESS\" > \"${SCRIPT_OUTPUT_FILE_0}\"\n";
			showEnvVarsInLog = 0;
		};
		8709CE3AB397E7B7216A069A /* [CP] Embed Pods Frameworks */ = {
			isa = PBXShellScriptBuildPhase;
			buildActionMask = 2147483647;
			files = (
			);
			inputFileListPaths = (
				"${PODS_ROOT}/Target Support Files/Pods-hw4_MVC/Pods-hw4_MVC-frameworks-${CONFIGURATION}-input-files.xcfilelist",
			);
			name = "[CP] Embed Pods Frameworks";
			outputFileListPaths = (
				"${PODS_ROOT}/Target Support Files/Pods-hw4_MVC/Pods-hw4_MVC-frameworks-${CONFIGURATION}-output-files.xcfilelist",
			);
			runOnlyForDeploymentPostprocessing = 0;
			shellPath = /bin/sh;
			shellScript = "\"${PODS_ROOT}/Target Support Files/Pods-hw4_MVC/Pods-hw4_MVC-frameworks.sh\"\n";
			showEnvVarsInLog = 0;
		};
/* End PBXShellScriptBuildPhase section */

/* Begin PBXSourcesBuildPhase section */
		15F5C8092859F55D00D9636D /* Sources */ = {
			isa = PBXSourcesBuildPhase;
			buildActionMask = 2147483647;
			files = (
				15F5C8252859F91C00D9636D /* CoinModel.swift in Sources */,
				15F5C8152859F55D00D9636D /* ViewController.swift in Sources */,
				15F5C8112859F55D00D9636D /* AppDelegate.swift in Sources */,
				15F5C8132859F55D00D9636D /* SceneDelegate.swift in Sources */,
			);
			runOnlyForDeploymentPostprocessing = 0;
		};
/* End PBXSourcesBuildPhase section */

/* Begin PBXVariantGroup section */
		15F5C8162859F55D00D9636D /* Main.storyboard */ = {
			isa = PBXVariantGroup;
			children = (
				15F5C8172859F55D00D9636D /* Base */,
			);
			name = Main.storyboard;
			sourceTree = "<group>";
		};
		15F5C81B2859F55F00D9636D /* LaunchScreen.storyboard */ = {
			isa = PBXVariantGroup;
			children = (
				15F5C81C2859F55F00D9636D /* Base */,
			);
			name = LaunchScreen.storyboard;
			sourceTree = "<group>";
		};
/* End PBXVariantGroup section */

/* Begin XCBuildConfiguration section */
		15F5C81F2859F55F00D9636D /* Debug */ = {
			isa = XCBuildConfiguration;
			buildSettings = {
				ALWAYS_SEARCH_USER_PATHS = NO;
				CLANG_ANALYZER_NONNULL = YES;
				CLANG_ANALYZER_NUMBER_OBJECT_CONVERSION = YES_AGGRESSIVE;
				CLANG_CXX_LANGUAGE_STANDARD = "gnu++17";
				CLANG_ENABLE_MODULES = YES;
				CLANG_ENABLE_OBJC_ARC = YES;
				CLANG_ENABLE_OBJC_WEAK = YES;
				CLANG_WARN_BLOCK_CAPTURE_AUTORELEASING = YES;
				CLANG_WARN_BOOL_CONVERSION = YES;
				CLANG_WARN_COMMA = YES;
				CLANG_WARN_CONSTANT_CONVERSION = YES;
				CLANG_WARN_DEPRECATED_OBJC_IMPLEMENTATIONS = YES;
				CLANG_WARN_DIRECT_OBJC_ISA_USAGE = YES_ERROR;
				CLANG_WARN_DOCUMENTATION_COMMENTS = YES;
				CLANG_WARN_EMPTY_BODY = YES;
				CLANG_WARN_ENUM_CONVERSION = YES;
				CLANG_WARN_INFINITE_RECURSION = YES;
				CLANG_WARN_INT_CONVERSION = YES;
				CLANG_WARN_NON_LITERAL_NULL_CONVERSION = YES;
				CLANG_WARN_OBJC_IMPLICIT_RETAIN_SELF = YES;
				CLANG_WARN_OBJC_LITERAL_CONVERSION = YES;
				CLANG_WARN_OBJC_ROOT_CLASS = YES_ERROR;
				CLANG_WARN_QUOTED_INCLUDE_IN_FRAMEWORK_HEADER = YES;
				CLANG_WARN_RANGE_LOOP_ANALYSIS = YES;
				CLANG_WARN_STRICT_PROTOTYPES = YES;
				CLANG_WARN_SUSPICIOUS_MOVE = YES;
				CLANG_WARN_UNGUARDED_AVAILABILITY = YES_AGGRESSIVE;
				CLANG_WARN_UNREACHABLE_CODE = YES;
				CLANG_WARN__DUPLICATE_METHOD_MATCH = YES;
				COPY_PHASE_STRIP = NO;
				DEBUG_INFORMATION_FORMAT = dwarf;
				ENABLE_STRICT_OBJC_MSGSEND = YES;
				ENABLE_TESTABILITY = YES;
				GCC_C_LANGUAGE_STANDARD = gnu11;
				GCC_DYNAMIC_NO_PIC = NO;
				GCC_NO_COMMON_BLOCKS = YES;
				GCC_OPTIMIZATION_LEVEL = 0;
				GCC_PREPROCESSOR_DEFINITIONS = (
					"DEBUG=1",
					"$(inherited)",
				);
				GCC_WARN_64_TO_32_BIT_CONVERSION = YES;
				GCC_WARN_ABOUT_RETURN_TYPE = YES_ERROR;
				GCC_WARN_UNDECLARED_SELECTOR = YES;
				GCC_WARN_UNINITIALIZED_AUTOS = YES_AGGRESSIVE;
				GCC_WARN_UNUSED_FUNCTION = YES;
				GCC_WARN_UNUSED_VARIABLE = YES;
				IPHONEOS_DEPLOYMENT_TARGET = 15.5;
				MTL_ENABLE_DEBUG_INFO = INCLUDE_SOURCE;
				MTL_FAST_MATH = YES;
				ONLY_ACTIVE_ARCH = YES;
				SDKROOT = iphoneos;
				SWIFT_ACTIVE_COMPILATION_CONDITIONS = DEBUG;
				SWIFT_OPTIMIZATION_LEVEL = "-Onone";
			};
			name = Debug;
		};
		15F5C8202859F55F00D9636D /* Release */ = {
			isa = XCBuildConfiguration;
			buildSettings = {
				ALWAYS_SEARCH_USER_PATHS = NO;
				CLANG_ANALYZER_NONNULL = YES;
				CLANG_ANALYZER_NUMBER_OBJECT_CONVERSION = YES_AGGRESSIVE;
				CLANG_CXX_LANGUAGE_STANDARD = "gnu++17";
				CLANG_ENABLE_MODULES = YES;
				CLANG_ENABLE_OBJC_ARC = YES;
				CLANG_ENABLE_OBJC_WEAK = YES;
				CLANG_WARN_BLOCK_CAPTURE_AUTORELEASING = YES;
				CLANG_WARN_BOOL_CONVERSION = YES;
				CLANG_WARN_COMMA = YES;
				CLANG_WARN_CONSTANT_CONVERSION = YES;
				CLANG_WARN_DEPRECATED_OBJC_IMPLEMENTATIONS = YES;
				CLANG_WARN_DIRECT_OBJC_ISA_USAGE = YES_ERROR;
				CLANG_WARN_DOCUMENTATION_COMMENTS = YES;
				CLANG_WARN_EMPTY_BODY = YES;
				CLANG_WARN_ENUM_CONVERSION = YES;
				CLANG_WARN_INFINITE_RECURSION = YES;
				CLANG_WARN_INT_CONVERSION = YES;
				CLANG_WARN_NON_LITERAL_NULL_CONVERSION = YES;
				CLANG_WARN_OBJC_IMPLICIT_RETAIN_SELF = YES;
				CLANG_WARN_OBJC_LITERAL_CONVERSION = YES;
				CLANG_WARN_OBJC_ROOT_CLASS = YES_ERROR;
				CLANG_WARN_QUOTED_INCLUDE_IN_FRAMEWORK_HEADER = YES;
				CLANG_WARN_RANGE_LOOP_ANALYSIS = YES;
				CLANG_WARN_STRICT_PROTOTYPES = YES;
				CLANG_WARN_SUSPICIOUS_MOVE = YES;
				CLANG_WARN_UNGUARDED_AVAILABILITY = YES_AGGRESSIVE;
				CLANG_WARN_UNREACHABLE_CODE = YES;
				CLANG_WARN__DUPLICATE_METHOD_MATCH = YES;
				COPY_PHASE_STRIP = NO;
				DEBUG_INFORMATION_FORMAT = "dwarf-with-dsym";
				ENABLE_NS_ASSERTIONS = NO;
				ENABLE_STRICT_OBJC_MSGSEND = YES;
				GCC_C_LANGUAGE_STANDARD = gnu11;
				GCC_NO_COMMON_BLOCKS = YES;
				GCC_WARN_64_TO_32_BIT_CONVERSION = YES;
				GCC_WARN_ABOUT_RETURN_TYPE = YES_ERROR;
				GCC_WARN_UNDECLARED_SELECTOR = YES;
				GCC_WARN_UNINITIALIZED_AUTOS = YES_AGGRESSIVE;
				GCC_WARN_UNUSED_FUNCTION = YES;
				GCC_WARN_UNUSED_VARIABLE = YES;
				IPHONEOS_DEPLOYMENT_TARGET = 15.5;
				MTL_ENABLE_DEBUG_INFO = NO;
				MTL_FAST_MATH = YES;
				SDKROOT = iphoneos;
				SWIFT_COMPILATION_MODE = wholemodule;
				SWIFT_OPTIMIZATION_LEVEL = "-O";
				VALIDATE_PRODUCT = YES;
			};
			name = Release;
		};
		15F5C8222859F55F00D9636D /* Debug */ = {
			isa = XCBuildConfiguration;
			baseConfigurationReference = EAD736B3AF194B0197574105 /* Pods-hw4_MVC.debug.xcconfig */;
			buildSettings = {
				ASSETCATALOG_COMPILER_APPICON_NAME = AppIcon;
				ASSETCATALOG_COMPILER_GLOBAL_ACCENT_COLOR_NAME = AccentColor;
				CODE_SIGN_STYLE = Automatic;
				CURRENT_PROJECT_VERSION = 1;
				GENERATE_INFOPLIST_FILE = YES;
				INFOPLIST_FILE = hw4_MVC/Info.plist;
				INFOPLIST_KEY_UIApplicationSupportsIndirectInputEvents = YES;
				INFOPLIST_KEY_UILaunchStoryboardName = LaunchScreen;
				INFOPLIST_KEY_UIMainStoryboardFile = Main;
				INFOPLIST_KEY_UISupportedInterfaceOrientations_iPad = "UIInterfaceOrientationPortrait UIInterfaceOrientationPortraitUpsideDown UIInterfaceOrientationLandscapeLeft UIInterfaceOrientationLandscapeRight";
				INFOPLIST_KEY_UISupportedInterfaceOrientations_iPhone = "UIInterfaceOrientationPortrait UIInterfaceOrientationLandscapeLeft UIInterfaceOrientationLandscapeRight";
				LD_RUNPATH_SEARCH_PATHS = (
					"$(inherited)",
					"@executable_path/Frameworks",
				);
				MARKETING_VERSION = 1.0;
				PRODUCT_BUNDLE_IDENTIFIER = "com.arcelik.patika-camp.hw4-MVC";
				PRODUCT_NAME = "$(TARGET_NAME)";
				SWIFT_EMIT_LOC_STRINGS = YES;
				SWIFT_VERSION = 5.0;
				TARGETED_DEVICE_FAMILY = "1,2";
			};
			name = Debug;
		};
		15F5C8232859F55F00D9636D /* Release */ = {
			isa = XCBuildConfiguration;
			baseConfigurationReference = DBCB17B7AB9DE11299BA02AF /* Pods-hw4_MVC.release.xcconfig */;
			buildSettings = {
				ASSETCATALOG_COMPILER_APPICON_NAME = AppIcon;
				ASSETCATALOG_COMPILER_GLOBAL_ACCENT_COLOR_NAME = AccentColor;
				CODE_SIGN_STYLE = Automatic;
				CURRENT_PROJECT_VERSION = 1;
				GENERATE_INFOPLIST_FILE = YES;
				INFOPLIST_FILE = hw4_MVC/Info.plist;
				INFOPLIST_KEY_UIApplicationSupportsIndirectInputEvents = YES;
				INFOPLIST_KEY_UILaunchStoryboardName = LaunchScreen;
				INFOPLIST_KEY_UIMainStoryboardFile = Main;
				INFOPLIST_KEY_UISupportedInterfaceOrientations_iPad = "UIInterfaceOrientationPortrait UIInterfaceOrientationPortraitUpsideDown UIInterfaceOrientationLandscapeLeft UIInterfaceOrientationLandscapeRight";
				INFOPLIST_KEY_UISupportedInterfaceOrientations_iPhone = "UIInterfaceOrientationPortrait UIInterfaceOrientationLandscapeLeft UIInterfaceOrientationLandscapeRight";
				LD_RUNPATH_SEARCH_PATHS = (
					"$(inherited)",
					"@executable_path/Frameworks",
				);
				MARKETING_VERSION = 1.0;
				PRODUCT_BUNDLE_IDENTIFIER = "com.arcelik.patika-camp.hw4-MVC";
				PRODUCT_NAME = "$(TARGET_NAME)";
				SWIFT_EMIT_LOC_STRINGS = YES;
				SWIFT_VERSION = 5.0;
				TARGETED_DEVICE_FAMILY = "1,2";
			};
			name = Release;
		};
/* End XCBuildConfiguration section */

/* Begin XCConfigurationList section */
		15F5C8082859F55D00D9636D /* Build configuration list for PBXProject "hw4_MVC" */ = {
			isa = XCConfigurationList;
			buildConfigurations = (
				15F5C81F2859F55F00D9636D /* Debug */,
				15F5C8202859F55F00D9636D /* Release */,
			);
			defaultConfigurationIsVisible = 0;
			defaultConfigurationName = Release;
		};
		15F5C8212859F55F00D9636D /* Build configuration list for PBXNativeTarget "hw4_MVC" */ = {
			isa = XCConfigurationList;
			buildConfigurations = (
				15F5C8222859F55F00D9636D /* Debug */,
				15F5C8232859F55F00D9636D /* Release */,
			);
			defaultConfigurationIsVisible = 0;
			defaultConfigurationName = Release;
		};
/* End XCConfigurationList section */
	};
	rootObject = 15F5C8052859F55D00D9636D /* Project object */;
}
